// !$*UTF8*$!
{
	archiveVersion = 1;
	classes = {
	};
	objectVersion = 46;
	objects = {

/* Begin PBXBuildFile section */
		D647CAF01E958A3A00EAB4CF /* AppDelegate.swift in Sources */ = {isa = PBXBuildFile; fileRef = D647CAEF1E958A3A00EAB4CF /* AppDelegate.swift */; };
		D647CAF21E958A3A00EAB4CF /* ViewController.swift in Sources */ = {isa = PBXBuildFile; fileRef = D647CAF11E958A3A00EAB4CF /* ViewController.swift */; };
		D647CAF51E958A3A00EAB4CF /* Main.storyboard in Resources */ = {isa = PBXBuildFile; fileRef = D647CAF31E958A3A00EAB4CF /* Main.storyboard */; };
		D647CAF71E958A3A00EAB4CF /* Assets.xcassets in Resources */ = {isa = PBXBuildFile; fileRef = D647CAF61E958A3A00EAB4CF /* Assets.xcassets */; };
		D647CAFA1E958A3A00EAB4CF /* LaunchScreen.storyboard in Resources */ = {isa = PBXBuildFile; fileRef = D647CAF81E958A3A00EAB4CF /* LaunchScreen.storyboard */; };
		D647CB021E958ABC00EAB4CF /* CircleView.swift in Sources */ = {isa = PBXBuildFile; fileRef = D647CB011E958ABC00EAB4CF /* CircleView.swift */; };
		D647CB041E95B3A500EAB4CF /* PlayerView.swift in Sources */ = {isa = PBXBuildFile; fileRef = D647CB031E95B3A500EAB4CF /* PlayerView.swift */; };
		D647CB061E95B81A00EAB4CF /* MainView.swift in Sources */ = {isa = PBXBuildFile; fileRef = D647CB051E95B81A00EAB4CF /* MainView.swift */; };
		D647CB081E96A8F200EAB4CF /* GameSettings.swift in Sources */ = {isa = PBXBuildFile; fileRef = D647CB071E96A8F200EAB4CF /* GameSettings.swift */; };
		D647CB101E96B32500EAB4CF /* ViewControllerTests.swift in Sources */ = {isa = PBXBuildFile; fileRef = D647CB0F1E96B32500EAB4CF /* ViewControllerTests.swift */; };
		D647CB171E96B44B00EAB4CF /* ViewController.swift in Sources */ = {isa = PBXBuildFile; fileRef = D647CAF11E958A3A00EAB4CF /* ViewController.swift */; };
		D647CB181E96B47500EAB4CF /* GameSettings.swift in Sources */ = {isa = PBXBuildFile; fileRef = D647CB071E96A8F200EAB4CF /* GameSettings.swift */; };
		D647CB191E96B47900EAB4CF /* MainView.swift in Sources */ = {isa = PBXBuildFile; fileRef = D647CB051E95B81A00EAB4CF /* MainView.swift */; };
		D647CB1A1E96B47B00EAB4CF /* CircleView.swift in Sources */ = {isa = PBXBuildFile; fileRef = D647CB011E958ABC00EAB4CF /* CircleView.swift */; };
		D647CB1B1E96B47D00EAB4CF /* PlayerView.swift in Sources */ = {isa = PBXBuildFile; fileRef = D647CB031E95B3A500EAB4CF /* PlayerView.swift */; };
		D647CB1D1E96B54300EAB4CF /* Utils.swift in Sources */ = {isa = PBXBuildFile; fileRef = D647CB1C1E96B54300EAB4CF /* Utils.swift */; };
		D647CB1E1E96B54300EAB4CF /* Utils.swift in Sources */ = {isa = PBXBuildFile; fileRef = D647CB1C1E96B54300EAB4CF /* Utils.swift */; };
		D647CB201E96B6DB00EAB4CF /* CircleViewTests.swift in Sources */ = {isa = PBXBuildFile; fileRef = D647CB1F1E96B6DB00EAB4CF /* CircleViewTests.swift */; };
		D647CB221E96BDF800EAB4CF /* PlayerViewTests.swift in Sources */ = {isa = PBXBuildFile; fileRef = D647CB211E96BDF800EAB4CF /* PlayerViewTests.swift */; };
		D647CB241E96C15A00EAB4CF /* UtilsTests.swift in Sources */ = {isa = PBXBuildFile; fileRef = D647CB231E96C15A00EAB4CF /* UtilsTests.swift */; };
		D647CB261E96C58B00EAB4CF /* CollisionTester.swift in Sources */ = {isa = PBXBuildFile; fileRef = D647CB251E96C58B00EAB4CF /* CollisionTester.swift */; };
		D647CB271E96C58B00EAB4CF /* CollisionTester.swift in Sources */ = {isa = PBXBuildFile; fileRef = D647CB251E96C58B00EAB4CF /* CollisionTester.swift */; };
		D647CB281E96C80800EAB4CF /* Main.storyboard in Resources */ = {isa = PBXBuildFile; fileRef = D647CAF31E958A3A00EAB4CF /* Main.storyboard */; };
		D647CB2A1E96C9D100EAB4CF /* CollisionTesterTests.swift in Sources */ = {isa = PBXBuildFile; fileRef = D647CB291E96C9D100EAB4CF /* CollisionTesterTests.swift */; };
/* End PBXBuildFile section */

/* Begin PBXContainerItemProxy section */
		D647CB121E96B32500EAB4CF /* PBXContainerItemProxy */ = {
			isa = PBXContainerItemProxy;
			containerPortal = D647CAE41E958A3A00EAB4CF /* Project object */;
			proxyType = 1;
			remoteGlobalIDString = D647CAEB1E958A3A00EAB4CF;
			remoteInfo = CircleGame;
		};
/* End PBXContainerItemProxy section */

/* Begin PBXFileReference section */
		D647CAEC1E958A3A00EAB4CF /* CircleGame.app */ = {isa = PBXFileReference; explicitFileType = wrapper.application; includeInIndex = 0; path = CircleGame.app; sourceTree = BUILT_PRODUCTS_DIR; };
		D647CAEF1E958A3A00EAB4CF /* AppDelegate.swift */ = {isa = PBXFileReference; lastKnownFileType = sourcecode.swift; path = AppDelegate.swift; sourceTree = "<group>"; };
		D647CAF11E958A3A00EAB4CF /* ViewController.swift */ = {isa = PBXFileReference; lastKnownFileType = sourcecode.swift; path = ViewController.swift; sourceTree = "<group>"; };
		D647CAF41E958A3A00EAB4CF /* Base */ = {isa = PBXFileReference; lastKnownFileType = file.storyboard; name = Base; path = Base.lproj/Main.storyboard; sourceTree = "<group>"; };
		D647CAF61E958A3A00EAB4CF /* Assets.xcassets */ = {isa = PBXFileReference; lastKnownFileType = folder.assetcatalog; path = Assets.xcassets; sourceTree = "<group>"; };
		D647CAF91E958A3A00EAB4CF /* Base */ = {isa = PBXFileReference; lastKnownFileType = file.storyboard; name = Base; path = Base.lproj/LaunchScreen.storyboard; sourceTree = "<group>"; };
		D647CAFB1E958A3A00EAB4CF /* Info.plist */ = {isa = PBXFileReference; lastKnownFileType = text.plist.xml; path = Info.plist; sourceTree = "<group>"; };
		D647CB011E958ABC00EAB4CF /* CircleView.swift */ = {isa = PBXFileReference; fileEncoding = 4; lastKnownFileType = sourcecode.swift; path = CircleView.swift; sourceTree = "<group>"; };
		D647CB031E95B3A500EAB4CF /* PlayerView.swift */ = {isa = PBXFileReference; fileEncoding = 4; lastKnownFileType = sourcecode.swift; path = PlayerView.swift; sourceTree = "<group>"; };
		D647CB051E95B81A00EAB4CF /* MainView.swift */ = {isa = PBXFileReference; fileEncoding = 4; lastKnownFileType = sourcecode.swift; path = MainView.swift; sourceTree = "<group>"; };
		D647CB071E96A8F200EAB4CF /* GameSettings.swift */ = {isa = PBXFileReference; fileEncoding = 4; lastKnownFileType = sourcecode.swift; path = GameSettings.swift; sourceTree = "<group>"; };
		D647CB0D1E96B32500EAB4CF /* CircleGameTests.xctest */ = {isa = PBXFileReference; explicitFileType = wrapper.cfbundle; includeInIndex = 0; path = CircleGameTests.xctest; sourceTree = BUILT_PRODUCTS_DIR; };
		D647CB0F1E96B32500EAB4CF /* ViewControllerTests.swift */ = {isa = PBXFileReference; lastKnownFileType = sourcecode.swift; path = ViewControllerTests.swift; sourceTree = "<group>"; };
		D647CB111E96B32500EAB4CF /* Info.plist */ = {isa = PBXFileReference; lastKnownFileType = text.plist.xml; path = Info.plist; sourceTree = "<group>"; };
		D647CB1C1E96B54300EAB4CF /* Utils.swift */ = {isa = PBXFileReference; fileEncoding = 4; lastKnownFileType = sourcecode.swift; path = Utils.swift; sourceTree = "<group>"; };
		D647CB1F1E96B6DB00EAB4CF /* CircleViewTests.swift */ = {isa = PBXFileReference; fileEncoding = 4; lastKnownFileType = sourcecode.swift; path = CircleViewTests.swift; sourceTree = "<group>"; };
		D647CB211E96BDF800EAB4CF /* PlayerViewTests.swift */ = {isa = PBXFileReference; fileEncoding = 4; lastKnownFileType = sourcecode.swift; path = PlayerViewTests.swift; sourceTree = "<group>"; };
		D647CB231E96C15A00EAB4CF /* UtilsTests.swift */ = {isa = PBXFileReference; fileEncoding = 4; lastKnownFileType = sourcecode.swift; path = UtilsTests.swift; sourceTree = "<group>"; };
		D647CB251E96C58B00EAB4CF /* CollisionTester.swift */ = {isa = PBXFileReference; fileEncoding = 4; lastKnownFileType = sourcecode.swift; path = CollisionTester.swift; sourceTree = "<group>"; };
		D647CB291E96C9D100EAB4CF /* CollisionTesterTests.swift */ = {isa = PBXFileReference; fileEncoding = 4; lastKnownFileType = sourcecode.swift; path = CollisionTesterTests.swift; sourceTree = "<group>"; };
/* End PBXFileReference section */

/* Begin PBXFrameworksBuildPhase section */
		D647CAE91E958A3A00EAB4CF /* Frameworks */ = {
			isa = PBXFrameworksBuildPhase;
			buildActionMask = 2147483647;
			files = (
			);
			runOnlyForDeploymentPostprocessing = 0;
		};
		D647CB0A1E96B32500EAB4CF /* Frameworks */ = {
			isa = PBXFrameworksBuildPhase;
			buildActionMask = 2147483647;
			files = (
			);
			runOnlyForDeploymentPostprocessing = 0;
		};
/* End PBXFrameworksBuildPhase section */

/* Begin PBXGroup section */
		D647CAE31E958A3A00EAB4CF = {
			isa = PBXGroup;
			children = (
				D647CAEE1E958A3A00EAB4CF /* CircleGame */,
				D647CB0E1E96B32500EAB4CF /* CircleGameTests */,
				D647CAED1E958A3A00EAB4CF /* Products */,
			);
			sourceTree = "<group>";
		};
		D647CAED1E958A3A00EAB4CF /* Products */ = {
			isa = PBXGroup;
			children = (
				D647CAEC1E958A3A00EAB4CF /* CircleGame.app */,
				D647CB0D1E96B32500EAB4CF /* CircleGameTests.xctest */,
			);
			name = Products;
			sourceTree = "<group>";
		};
		D647CAEE1E958A3A00EAB4CF /* CircleGame */ = {
			isa = PBXGroup;
			children = (
				D647CAEF1E958A3A00EAB4CF /* AppDelegate.swift */,
				D647CAF11E958A3A00EAB4CF /* ViewController.swift */,
				D647CAF31E958A3A00EAB4CF /* Main.storyboard */,
				D647CAF61E958A3A00EAB4CF /* Assets.xcassets */,
				D647CAF81E958A3A00EAB4CF /* LaunchScreen.storyboard */,
				D647CAFB1E958A3A00EAB4CF /* Info.plist */,
				D647CB011E958ABC00EAB4CF /* CircleView.swift */,
				D647CB031E95B3A500EAB4CF /* PlayerView.swift */,
				D647CB051E95B81A00EAB4CF /* MainView.swift */,
				D647CB071E96A8F200EAB4CF /* GameSettings.swift */,
				D647CB1C1E96B54300EAB4CF /* Utils.swift */,
				D647CB251E96C58B00EAB4CF /* CollisionTester.swift */,
			);
			path = CircleGame;
			sourceTree = "<group>";
		};
		D647CB0E1E96B32500EAB4CF /* CircleGameTests */ = {
			isa = PBXGroup;
			children = (
				D647CB0F1E96B32500EAB4CF /* ViewControllerTests.swift */,
				D647CB111E96B32500EAB4CF /* Info.plist */,
				D647CB1F1E96B6DB00EAB4CF /* CircleViewTests.swift */,
				D647CB211E96BDF800EAB4CF /* PlayerViewTests.swift */,
				D647CB231E96C15A00EAB4CF /* UtilsTests.swift */,
				D647CB291E96C9D100EAB4CF /* CollisionTesterTests.swift */,
			);
			path = CircleGameTests;
			sourceTree = "<group>";
		};
/* End PBXGroup section */

/* Begin PBXNativeTarget section */
		D647CAEB1E958A3A00EAB4CF /* CircleGame */ = {
			isa = PBXNativeTarget;
			buildConfigurationList = D647CAFE1E958A3A00EAB4CF /* Build configuration list for PBXNativeTarget "CircleGame" */;
			buildPhases = (
				D647CAE81E958A3A00EAB4CF /* Sources */,
				D647CAE91E958A3A00EAB4CF /* Frameworks */,
				D647CAEA1E958A3A00EAB4CF /* Resources */,
			);
			buildRules = (
			);
			dependencies = (
			);
			name = CircleGame;
			productName = CircleGame;
			productReference = D647CAEC1E958A3A00EAB4CF /* CircleGame.app */;
			productType = "com.apple.product-type.application";
		};
		D647CB0C1E96B32500EAB4CF /* CircleGameTests */ = {
			isa = PBXNativeTarget;
			buildConfigurationList = D647CB141E96B32500EAB4CF /* Build configuration list for PBXNativeTarget "CircleGameTests" */;
			buildPhases = (
				D647CB091E96B32500EAB4CF /* Sources */,
				D647CB0A1E96B32500EAB4CF /* Frameworks */,
				D647CB0B1E96B32500EAB4CF /* Resources */,
			);
			buildRules = (
			);
			dependencies = (
				D647CB131E96B32500EAB4CF /* PBXTargetDependency */,
			);
			name = CircleGameTests;
			productName = CircleGameTests;
			productReference = D647CB0D1E96B32500EAB4CF /* CircleGameTests.xctest */;
			productType = "com.apple.product-type.bundle.unit-test";
		};
/* End PBXNativeTarget section */

/* Begin PBXProject section */
		D647CAE41E958A3A00EAB4CF /* Project object */ = {
			isa = PBXProject;
			attributes = {
				LastSwiftUpdateCheck = 0830;
				LastUpgradeCheck = 0830;
				ORGANIZATIONNAME = "Esten Hurtle";
				TargetAttributes = {
					D647CAEB1E958A3A00EAB4CF = {
						CreatedOnToolsVersion = 8.3;
						DevelopmentTeam = F6Q9WB4KR2;
						ProvisioningStyle = Automatic;
					};
					D647CB0C1E96B32500EAB4CF = {
						CreatedOnToolsVersion = 8.3;
						DevelopmentTeam = F6Q9WB4KR2;
						ProvisioningStyle = Automatic;
						TestTargetID = D647CAEB1E958A3A00EAB4CF;
					};
				};
			};
			buildConfigurationList = D647CAE71E958A3A00EAB4CF /* Build configuration list for PBXProject "CircleGame" */;
			compatibilityVersion = "Xcode 3.2";
			developmentRegion = English;
			hasScannedForEncodings = 0;
			knownRegions = (
				en,
				Base,
			);
			mainGroup = D647CAE31E958A3A00EAB4CF;
			productRefGroup = D647CAED1E958A3A00EAB4CF /* Products */;
			projectDirPath = "";
			projectRoot = "";
			targets = (
				D647CAEB1E958A3A00EAB4CF /* CircleGame */,
				D647CB0C1E96B32500EAB4CF /* CircleGameTests */,
			);
		};
/* End PBXProject section */

/* Begin PBXResourcesBuildPhase section */
		D647CAEA1E958A3A00EAB4CF /* Resources */ = {
			isa = PBXResourcesBuildPhase;
			buildActionMask = 2147483647;
			files = (
				D647CAFA1E958A3A00EAB4CF /* LaunchScreen.storyboard in Resources */,
				D647CAF71E958A3A00EAB4CF /* Assets.xcassets in Resources */,
				D647CAF51E958A3A00EAB4CF /* Main.storyboard in Resources */,
			);
			runOnlyForDeploymentPostprocessing = 0;
		};
		D647CB0B1E96B32500EAB4CF /* Resources */ = {
			isa = PBXResourcesBuildPhase;
			buildActionMask = 2147483647;
			files = (
				D647CB281E96C80800EAB4CF /* Main.storyboard in Resources */,
			);
			runOnlyForDeploymentPostprocessing = 0;
		};
/* End PBXResourcesBuildPhase section */

/* Begin PBXSourcesBuildPhase section */
		D647CAE81E958A3A00EAB4CF /* Sources */ = {
			isa = PBXSourcesBuildPhase;
			buildActionMask = 2147483647;
			files = (
				D647CB021E958ABC00EAB4CF /* CircleView.swift in Sources */,
				D647CAF21E958A3A00EAB4CF /* ViewController.swift in Sources */,
				D647CB081E96A8F200EAB4CF /* GameSettings.swift in Sources */,
				D647CB261E96C58B00EAB4CF /* CollisionTester.swift in Sources */,
				D647CB1D1E96B54300EAB4CF /* Utils.swift in Sources */,
				D647CAF01E958A3A00EAB4CF /* AppDelegate.swift in Sources */,
				D647CB061E95B81A00EAB4CF /* MainView.swift in Sources */,
				D647CB041E95B3A500EAB4CF /* PlayerView.swift in Sources */,
			);
			runOnlyForDeploymentPostprocessing = 0;
		};
		D647CB091E96B32500EAB4CF /* Sources */ = {
			isa = PBXSourcesBuildPhase;
			buildActionMask = 2147483647;
			files = (
				D647CB201E96B6DB00EAB4CF /* CircleViewTests.swift in Sources */,
				D647CB171E96B44B00EAB4CF /* ViewController.swift in Sources */,
				D647CB1A1E96B47B00EAB4CF /* CircleView.swift in Sources */,
				D647CB2A1E96C9D100EAB4CF /* CollisionTesterTests.swift in Sources */,
				D647CB241E96C15A00EAB4CF /* UtilsTests.swift in Sources */,
				D647CB191E96B47900EAB4CF /* MainView.swift in Sources */,
				D647CB1E1E96B54300EAB4CF /* Utils.swift in Sources */,
				D647CB221E96BDF800EAB4CF /* PlayerViewTests.swift in Sources */,
				D647CB271E96C58B00EAB4CF /* CollisionTester.swift in Sources */,
				D647CB1B1E96B47D00EAB4CF /* PlayerView.swift in Sources */,
				D647CB101E96B32500EAB4CF /* ViewControllerTests.swift in Sources */,
				D647CB181E96B47500EAB4CF /* GameSettings.swift in Sources */,
			);
			runOnlyForDeploymentPostprocessing = 0;
		};
/* End PBXSourcesBuildPhase section */

/* Begin PBXTargetDependency section */
		D647CB131E96B32500EAB4CF /* PBXTargetDependency */ = {
			isa = PBXTargetDependency;
			target = D647CAEB1E958A3A00EAB4CF /* CircleGame */;
			targetProxy = D647CB121E96B32500EAB4CF /* PBXContainerItemProxy */;
		};
/* End PBXTargetDependency section */

/* Begin PBXVariantGroup section */
		D647CAF31E958A3A00EAB4CF /* Main.storyboard */ = {
			isa = PBXVariantGroup;
			children = (
				D647CAF41E958A3A00EAB4CF /* Base */,
			);
			name = Main.storyboard;
			sourceTree = "<group>";
		};
		D647CAF81E958A3A00EAB4CF /* LaunchScreen.storyboard */ = {
			isa = PBXVariantGroup;
			children = (
				D647CAF91E958A3A00EAB4CF /* Base */,
			);
			name = LaunchScreen.storyboard;
			sourceTree = "<group>";
		};
/* End PBXVariantGroup section */

/* Begin XCBuildConfiguration section */
		D647CAFC1E958A3A00EAB4CF /* Debug */ = {
			isa = XCBuildConfiguration;
			buildSettings = {
				ALWAYS_SEARCH_USER_PATHS = NO;
				CLANG_ANALYZER_NONNULL = YES;
				CLANG_ANALYZER_NUMBER_OBJECT_CONVERSION = YES_AGGRESSIVE;
				CLANG_CXX_LANGUAGE_STANDARD = "gnu++0x";
				CLANG_CXX_LIBRARY = "libc++";
				CLANG_ENABLE_MODULES = YES;
				CLANG_ENABLE_OBJC_ARC = YES;
				CLANG_WARN_BOOL_CONVERSION = YES;
				CLANG_WARN_CONSTANT_CONVERSION = YES;
				CLANG_WARN_DIRECT_OBJC_ISA_USAGE = YES_ERROR;
				CLANG_WARN_DOCUMENTATION_COMMENTS = YES;
				CLANG_WARN_EMPTY_BODY = YES;
				CLANG_WARN_ENUM_CONVERSION = YES;
				CLANG_WARN_INFINITE_RECURSION = YES;
				CLANG_WARN_INT_CONVERSION = YES;
				CLANG_WARN_OBJC_ROOT_CLASS = YES_ERROR;
				CLANG_WARN_SUSPICIOUS_MOVE = YES;
				CLANG_WARN_UNREACHABLE_CODE = YES;
				CLANG_WARN__DUPLICATE_METHOD_MATCH = YES;
				"CODE_SIGN_IDENTITY[sdk=iphoneos*]" = "iPhone Developer";
				COPY_PHASE_STRIP = NO;
				DEBUG_INFORMATION_FORMAT = dwarf;
				ENABLE_STRICT_OBJC_MSGSEND = YES;
				ENABLE_TESTABILITY = YES;
				GCC_C_LANGUAGE_STANDARD = gnu99;
				GCC_DYNAMIC_NO_PIC = NO;
				GCC_NO_COMMON_BLOCKS = YES;
				GCC_OPTIMIZATION_LEVEL = 0;
				GCC_PREPROCESSOR_DEFINITIONS = (
					"DEBUG=1",
					"$(inherited)",
				);
				GCC_WARN_64_TO_32_BIT_CONVERSION = YES;
				GCC_WARN_ABOUT_RETURN_TYPE = YES_ERROR;
				GCC_WARN_UNDECLARED_SELECTOR = YES;
				GCC_WARN_UNINITIALIZED_AUTOS = YES_AGGRESSIVE;
				GCC_WARN_UNUSED_FUNCTION = YES;
				GCC_WARN_UNUSED_VARIABLE = YES;
				IPHONEOS_DEPLOYMENT_TARGET = 10.3;
				MTL_ENABLE_DEBUG_INFO = YES;
				ONLY_ACTIVE_ARCH = YES;
				SDKROOT = iphoneos;
				SWIFT_ACTIVE_COMPILATION_CONDITIONS = DEBUG;
				SWIFT_OPTIMIZATION_LEVEL = "-Onone";
			};
			name = Debug;
		};
		D647CAFD1E958A3A00EAB4CF /* Release */ = {
			isa = XCBuildConfiguration;
			buildSettings = {
				ALWAYS_SEARCH_USER_PATHS = NO;
				CLANG_ANALYZER_NONNULL = YES;
				CLANG_ANALYZER_NUMBER_OBJECT_CONVERSION = YES_AGGRESSIVE;
				CLANG_CXX_LANGUAGE_STANDARD = "gnu++0x";
				CLANG_CXX_LIBRARY = "libc++";
				CLANG_ENABLE_MODULES = YES;
				CLANG_ENABLE_OBJC_ARC = YES;
				CLANG_WARN_BOOL_CONVERSION = YES;
				CLANG_WARN_CONSTANT_CONVERSION = YES;
				CLANG_WARN_DIRECT_OBJC_ISA_USAGE = YES_ERROR;
				CLANG_WARN_DOCUMENTATION_COMMENTS = YES;
				CLANG_WARN_EMPTY_BODY = YES;
				CLANG_WARN_ENUM_CONVERSION = YES;
				CLANG_WARN_INFINITE_RECURSION = YES;
				CLANG_WARN_INT_CONVERSION = YES;
				CLANG_WARN_OBJC_ROOT_CLASS = YES_ERROR;
				CLANG_WARN_SUSPICIOUS_MOVE = YES;
				CLANG_WARN_UNREACHABLE_CODE = YES;
				CLANG_WARN__DUPLICATE_METHOD_MATCH = YES;
				"CODE_SIGN_IDENTITY[sdk=iphoneos*]" = "iPhone Developer";
				COPY_PHASE_STRIP = NO;
				DEBUG_INFORMATION_FORMAT = "dwarf-with-dsym";
				ENABLE_NS_ASSERTIONS = NO;
				ENABLE_STRICT_OBJC_MSGSEND = YES;
				GCC_C_LANGUAGE_STANDARD = gnu99;
				GCC_NO_COMMON_BLOCKS = YES;
				GCC_WARN_64_TO_32_BIT_CONVERSION = YES;
				GCC_WARN_ABOUT_RETURN_TYPE = YES_ERROR;
				GCC_WARN_UNDECLARED_SELECTOR = YES;
				GCC_WARN_UNINITIALIZED_AUTOS = YES_AGGRESSIVE;
				GCC_WARN_UNUSED_FUNCTION = YES;
				GCC_WARN_UNUSED_VARIABLE = YES;
				IPHONEOS_DEPLOYMENT_TARGET = 10.3;
				MTL_ENABLE_DEBUG_INFO = NO;
				SDKROOT = iphoneos;
				SWIFT_OPTIMIZATION_LEVEL = "-Owholemodule";
				VALIDATE_PRODUCT = YES;
			};
			name = Release;
		};
		D647CAFF1E958A3A00EAB4CF /* Debug */ = {
			isa = XCBuildConfiguration;
			buildSettings = {
				ASSETCATALOG_COMPILER_APPICON_NAME = AppIcon;
				DEVELOPMENT_TEAM = F6Q9WB4KR2;
				INFOPLIST_FILE = CircleGame/Info.plist;
				LD_RUNPATH_SEARCH_PATHS = "$(inherited) @executable_path/Frameworks";
				PRODUCT_BUNDLE_IDENTIFIER = com.estenh.CircleGame;
				PRODUCT_NAME = "$(TARGET_NAME)";
				SWIFT_VERSION = 3.0;
			};
			name = Debug;
		};
		D647CB001E958A3A00EAB4CF /* Release */ = {
			isa = XCBuildConfiguration;
			buildSettings = {
				ASSETCATALOG_COMPILER_APPICON_NAME = AppIcon;
				DEVELOPMENT_TEAM = F6Q9WB4KR2;
				INFOPLIST_FILE = CircleGame/Info.plist;
				LD_RUNPATH_SEARCH_PATHS = "$(inherited) @executable_path/Frameworks";
				PRODUCT_BUNDLE_IDENTIFIER = com.estenh.CircleGame;
				PRODUCT_NAME = "$(TARGET_NAME)";
				SWIFT_VERSION = 3.0;
			};
			name = Release;
		};
		D647CB151E96B32500EAB4CF /* Debug */ = {
			isa = XCBuildConfiguration;
			buildSettings = {
				BUNDLE_LOADER = "$(TEST_HOST)";
				DEVELOPMENT_TEAM = F6Q9WB4KR2;
				INFOPLIST_FILE = CircleGameTests/Info.plist;
				LD_RUNPATH_SEARCH_PATHS = "$(inherited) @executable_path/Frameworks @loader_path/Frameworks";
				PRODUCT_BUNDLE_IDENTIFIER = com.estenh.CircleGameTests;
				PRODUCT_NAME = "$(TARGET_NAME)";
				SWIFT_VERSION = 3.0;
				TEST_HOST = "$(BUILT_PRODUCTS_DIR)/CircleGame.app/CircleGame";
			};
			name = Debug;
		};
		D647CB161E96B32500EAB4CF /* Release */ = {
			isa = XCBuildConfiguration;
			buildSettings = {
				BUNDLE_LOADER = "$(TEST_HOST)";
				DEVELOPMENT_TEAM = F6Q9WB4KR2;
				INFOPLIST_FILE = CircleGameTests/Info.plist;
				LD_RUNPATH_SEARCH_PATHS = "$(inherited) @executable_path/Frameworks @loader_path/Frameworks";
				PRODUCT_BUNDLE_IDENTIFIER = com.estenh.CircleGameTests;
				PRODUCT_NAME = "$(TARGET_NAME)";
				SWIFT_VERSION = 3.0;
				TEST_HOST = "$(BUILT_PRODUCTS_DIR)/CircleGame.app/CircleGame";
			};
			name = Release;
		};
/* End XCBuildConfiguration section */

/* Begin XCConfigurationList section */
		D647CAE71E958A3A00EAB4CF /* Build configuration list for PBXProject "CircleGame" */ = {
			isa = XCConfigurationList;
			buildConfigurations = (
				D647CAFC1E958A3A00EAB4CF /* Debug */,
				D647CAFD1E958A3A00EAB4CF /* Release */,
			);
			defaultConfigurationIsVisible = 0;
			defaultConfigurationName = Release;
		};
		D647CAFE1E958A3A00EAB4CF /* Build configuration list for PBXNativeTarget "CircleGame" */ = {
			isa = XCConfigurationList;
			buildConfigurations = (
				D647CAFF1E958A3A00EAB4CF /* Debug */,
				D647CB001E958A3A00EAB4CF /* Release */,
			);
			defaultConfigurationIsVisible = 0;
		};
		D647CB141E96B32500EAB4CF /* Build configuration list for PBXNativeTarget "CircleGameTests" */ = {
			isa = XCConfigurationList;
			buildConfigurations = (
				D647CB151E96B32500EAB4CF /* Debug */,
				D647CB161E96B32500EAB4CF /* Release */,
			);
			defaultConfigurationIsVisible = 0;
		};
/* End XCConfigurationList section */
	};
	rootObject = D647CAE41E958A3A00EAB4CF /* Project object */;
}
